PODS:
  - Flutter (1.0.0)
  - libphonenumber (0.0.1):
    - Flutter
    - libPhoneNumber-iOS
  - libPhoneNumber-iOS (0.9.15)

DEPENDENCIES:
  - Flutter (from `Flutter`)
  - libphonenumber (from `.symlinks/plugins/libphonenumber/ios`)

SPEC REPOS:
  trunk:
    - libPhoneNumber-iOS

EXTERNAL SOURCES:
  Flutter:
    :path: Flutter
  libphonenumber:
    :path: ".symlinks/plugins/libphonenumber/ios"

SPEC CHECKSUMS:
  Flutter: e0871f40cf51350855a761d2e70bf5af5b9b5de7
  libphonenumber: ba0492b04d444bdcaef260a276a2b614b13b1034
  libPhoneNumber-iOS: 0a32a9525cf8744fe02c5206eb30d571e38f7d75

PODFILE CHECKSUM: 4e8f8b2be68aeea4c0d5beb6ff1e79fface1d048

COCOAPODS: 1.16.2
